
Microsoft Visual Studio Solution File, Format Version 12.00
# Visual Studio Version 16
VisualStudioVersion = 16.0.31321.278
MinimumVisualStudioVersion = 10.0.40219.1
Project("{9A19103F-16F7-4668-BE54-9A1E7A4F7556}") = "GestorPC", "GestorPC.csproj", "{24E876A9-0B32-419D-A5BF-0D8ACE70048B}"
EndProject
Global
	GlobalSection(SolutionConfigurationPlatforms) = preSolution
		Debug|Any CPU = Debug|Any CPU
		Release|Any CPU = Release|Any CPU
	EndGlobalSection
	GlobalSection(ProjectConfigurationPlatforms) = postSolution
		{24E876A9-0B32-419D-A5BF-0D8ACE70048B}.Debug|Any CPU.ActiveCfg = Debug|Any CPU
		{24E876A9-0B32-419D-A5BF-0D8ACE70048B}.Debug|Any CPU.Build.0 = Debug|Any CPU
		{24E876A9-0B32-419D-A5BF-0D8ACE70048B}.Release|Any CPU.ActiveCfg = Release|Any CPU
		{24E876A9-0B32-419D-A5BF-0D8ACE70048B}.Release|Any CPU.Build.0 = Release|Any CPU
	EndGlobalSection
	GlobalSection(SolutionProperties) = preSolution
		HideSolutionNode = FALSE
	EndGlobalSection
	GlobalSection(ExtensibilityGlobals) = postSolution
		SolutionGuid = {E3B6BD63-2810-4B34-9DB5-9B96562C5425}
	EndGlobalSection
EndGlobal
